
Microsoft Visual Studio Solution File, Format Version 12.00
Project("{2150E333-8FDC-42A3-9474-1A3956D46DE8}") = "src", "src", "{79F8C67A-23B5-4AA5-9EA0-EDAB5A8C08E0}"
EndProject
Project("{2150E333-8FDC-42A3-9474-1A3956D46DE8}") = "tests", "tests", "{D2F31B45-7148-4754-A787-EAFB81B96C42}"
EndProject
Project("{2150E333-8FDC-42A3-9474-1A3956D46DE8}") = "Solution Items", "Solution Items", "{6E41EC4D-7C66-4C63-9800-D3AF14624343}"
	ProjectSection(SolutionItems) = preProject
		compose.yaml = compose.yaml
		.gitignore = .gitignore
	EndProjectSection
EndProject
Project("{FAE04EC0-301F-11D3-BF4B-00C04F79EFBC}") = "IdentityService", "IdentityService\IdentityService.csproj", "{A3918554-4C76-46FA-B653-929911F52921}"
EndProject
Project("{FAE04EC0-301F-11D3-BF4B-00C04F79EFBC}") = "Shared", "Shared\Shared.csproj", "{0E1B8208-1483-4E74-8799-388C30CF6410}"
EndProject
Project("{2150E333-8FDC-42A3-9474-1A3956D46DE8}") = "Identity", "Identity", "{1977BB0B-D92B-48A7-A0D5-970A6F45834F}"
EndProject
Project("{FAE04EC0-301F-11D3-BF4B-00C04F79EFBC}") = "Identity.API", "Identity.API\Identity.API.csproj", "{2B4C80D0-EA31-49B3-885A-4FA3BE5447CB}"
EndProject
Project("{FAE04EC0-301F-11D3-BF4B-00C04F79EFBC}") = "APIGateway", "APIGateway\APIGateway.csproj", "{7337A2CD-533C-4343-BB87-2D00A107F9EB}"
EndProject
Project("{2150E333-8FDC-42A3-9474-1A3956D46DE8}") = "Identity", "Identity", "{156D7477-884D-45E1-A182-188BCFDFB5EA}"
EndProject
Project("{FAE04EC0-301F-11D3-BF4B-00C04F79EFBC}") = "IdentityService.Tests", "Tests\IdentityService.Tests\IdentityService.Tests.csproj", "{95DECCD3-5531-40FA-A372-17C7EB5577EC}"
EndProject
Global
	GlobalSection(SolutionConfigurationPlatforms) = preSolution
		Debug|Any CPU = Debug|Any CPU
		Release|Any CPU = Release|Any CPU
	EndGlobalSection
	GlobalSection(NestedProjects) = preSolution
		{0E1B8208-1483-4E74-8799-388C30CF6410} = {79F8C67A-23B5-4AA5-9EA0-EDAB5A8C08E0}
		{1977BB0B-D92B-48A7-A0D5-970A6F45834F} = {79F8C67A-23B5-4AA5-9EA0-EDAB5A8C08E0}
		{A3918554-4C76-46FA-B653-929911F52921} = {1977BB0B-D92B-48A7-A0D5-970A6F45834F}
		{2B4C80D0-EA31-49B3-885A-4FA3BE5447CB} = {1977BB0B-D92B-48A7-A0D5-970A6F45834F}
		{7337A2CD-533C-4343-BB87-2D00A107F9EB} = {79F8C67A-23B5-4AA5-9EA0-EDAB5A8C08E0}
		{156D7477-884D-45E1-A182-188BCFDFB5EA} = {D2F31B45-7148-4754-A787-EAFB81B96C42}
		{95DECCD3-5531-40FA-A372-17C7EB5577EC} = {156D7477-884D-45E1-A182-188BCFDFB5EA}
	EndGlobalSection
	GlobalSection(ProjectConfigurationPlatforms) = postSolution
		{A3918554-4C76-46FA-B653-929911F52921}.Debug|Any CPU.ActiveCfg = Debug|Any CPU
		{A3918554-4C76-46FA-B653-929911F52921}.Debug|Any CPU.Build.0 = Debug|Any CPU
		{A3918554-4C76-46FA-B653-929911F52921}.Release|Any CPU.ActiveCfg = Release|Any CPU
		{A3918554-4C76-46FA-B653-929911F52921}.Release|Any CPU.Build.0 = Release|Any CPU
		{0E1B8208-1483-4E74-8799-388C30CF6410}.Debug|Any CPU.ActiveCfg = Debug|Any CPU
		{0E1B8208-1483-4E74-8799-388C30CF6410}.Debug|Any CPU.Build.0 = Debug|Any CPU
		{0E1B8208-1483-4E74-8799-388C30CF6410}.Release|Any CPU.ActiveCfg = Release|Any CPU
		{0E1B8208-1483-4E74-8799-388C30CF6410}.Release|Any CPU.Build.0 = Release|Any CPU
		{2B4C80D0-EA31-49B3-885A-4FA3BE5447CB}.Debug|Any CPU.ActiveCfg = Debug|Any CPU
		{2B4C80D0-EA31-49B3-885A-4FA3BE5447CB}.Debug|Any CPU.Build.0 = Debug|Any CPU
		{2B4C80D0-EA31-49B3-885A-4FA3BE5447CB}.Release|Any CPU.ActiveCfg = Release|Any CPU
		{2B4C80D0-EA31-49B3-885A-4FA3BE5447CB}.Release|Any CPU.Build.0 = Release|Any CPU
		{7337A2CD-533C-4343-BB87-2D00A107F9EB}.Debug|Any CPU.ActiveCfg = Debug|Any CPU
		{7337A2CD-533C-4343-BB87-2D00A107F9EB}.Debug|Any CPU.Build.0 = Debug|Any CPU
		{7337A2CD-533C-4343-BB87-2D00A107F9EB}.Release|Any CPU.ActiveCfg = Release|Any CPU
		{7337A2CD-533C-4343-BB87-2D00A107F9EB}.Release|Any CPU.Build.0 = Release|Any CPU
		{95DECCD3-5531-40FA-A372-17C7EB5577EC}.Debug|Any CPU.ActiveCfg = Debug|Any CPU
		{95DECCD3-5531-40FA-A372-17C7EB5577EC}.Debug|Any CPU.Build.0 = Debug|Any CPU
		{95DECCD3-5531-40FA-A372-17C7EB5577EC}.Release|Any CPU.ActiveCfg = Release|Any CPU
		{95DECCD3-5531-40FA-A372-17C7EB5577EC}.Release|Any CPU.Build.0 = Release|Any CPU
	EndGlobalSection
EndGlobal
